
Microsoft Visual Studio Solution File, Format Version 12.00
# Visual Studio Version 17
VisualStudioVersion = 17.12.35527.113 d17.12
MinimumVisualStudioVersion = 10.0.40219.1
Project("{FAE04EC0-301F-11D3-BF4B-00C04F79EFBC}") = "MvcCoreCacheRedis", "MvcCoreCacheRedis\MvcCoreCacheRedis.csproj", "{7BEB7941-C095-49AC-9346-80DDDA1B11A6}"
EndProject
Project("{FAE04EC0-301F-11D3-BF4B-00C04F79EFBC}") = "ConsoleCacheRedis", "ConsoleCacheRedis\ConsoleCacheRedis.csproj", "{89AE77E6-4651-4165-B360-75CFFD74CC8F}"
EndProject
Global
	GlobalSection(SolutionConfigurationPlatforms) = preSolution
		Debug|Any CPU = Debug|Any CPU
		Release|Any CPU = Release|Any CPU
	EndGlobalSection
	GlobalSection(ProjectConfigurationPlatforms) = postSolution
		{7BEB7941-C095-49AC-9346-80DDDA1B11A6}.Debug|Any CPU.ActiveCfg = Debug|Any CPU
		{7BEB7941-C095-49AC-9346-80DDDA1B11A6}.Debug|Any CPU.Build.0 = Debug|Any CPU
		{7BEB7941-C095-49AC-9346-80DDDA1B11A6}.Release|Any CPU.ActiveCfg = Release|Any CPU
		{7BEB7941-C095-49AC-9346-80DDDA1B11A6}.Release|Any CPU.Build.0 = Release|Any CPU
		{89AE77E6-4651-4165-B360-75CFFD74CC8F}.Debug|Any CPU.ActiveCfg = Debug|Any CPU
		{89AE77E6-4651-4165-B360-75CFFD74CC8F}.Debug|Any CPU.Build.0 = Debug|Any CPU
		{89AE77E6-4651-4165-B360-75CFFD74CC8F}.Release|Any CPU.ActiveCfg = Release|Any CPU
		{89AE77E6-4651-4165-B360-75CFFD74CC8F}.Release|Any CPU.Build.0 = Release|Any CPU
	EndGlobalSection
	GlobalSection(SolutionProperties) = preSolution
		HideSolutionNode = FALSE
	EndGlobalSection
EndGlobal
